// !$*UTF8*$!
{
	archiveVersion = 1;
	classes = {
	};
	objectVersion = 55;
	objects = {

/* Begin PBXBuildFile section */
		3DA167912915535F000F306D /* AppDelegate.swift in Sources */ = {isa = PBXBuildFile; fileRef = 3DA167902915535F000F306D /* AppDelegate.swift */; };
		3DA167932915535F000F306D /* SceneDelegate.swift in Sources */ = {isa = PBXBuildFile; fileRef = 3DA167922915535F000F306D /* SceneDelegate.swift */; };
		3DA167952915535F000F306D /* MainViewController.swift in Sources */ = {isa = PBXBuildFile; fileRef = 3DA167942915535F000F306D /* MainViewController.swift */; };
		3DA1679A291553C8000F306D /* Assets.xcassets in Resources */ = {isa = PBXBuildFile; fileRef = 3DA16799291553C8000F306D /* Assets.xcassets */; };
		3DA1679D291553C9000F306D /* LaunchScreen.storyboard in Resources */ = {isa = PBXBuildFile; fileRef = 3DA1679B291553C9000F306D /* LaunchScreen.storyboard */; };
		3DA167A6291556A7000F306D /* Appwrite in Frameworks */ = {isa = PBXBuildFile; productRef = 3DA167A5291556A7000F306D /* Appwrite */; };
		3DE46D8229155EF300A39FD3 /* AppwriteService.swift in Sources */ = {isa = PBXBuildFile; fileRef = 3DE46D8129155EF300A39FD3 /* AppwriteService.swift */; };
		3DE46D862916B28600A39FD3 /* User.swift in Sources */ = {isa = PBXBuildFile; fileRef = 3DE46D852916B28600A39FD3 /* User.swift */; };
		3DE46D882916B2A200A39FD3 /* MainPresenter.swift in Sources */ = {isa = PBXBuildFile; fileRef = 3DE46D872916B2A200A39FD3 /* MainPresenter.swift */; };
		3DE46D8B2916B5F400A39FD3 /* WTButton.swift in Sources */ = {isa = PBXBuildFile; fileRef = 3DE46D8A2916B5F400A39FD3 /* WTButton.swift */; };
		3DE46D8F2916DD5E00A39FD3 /* ModueBuilder.swift in Sources */ = {isa = PBXBuildFile; fileRef = 3DE46D8E2916DD5E00A39FD3 /* ModueBuilder.swift */; };
/* End PBXBuildFile section */

/* Begin PBXFileReference section */
		3DA1678D2915535F000F306D /* waitumerApp.app */ = {isa = PBXFileReference; explicitFileType = wrapper.application; includeInIndex = 0; path = waitumerApp.app; sourceTree = BUILT_PRODUCTS_DIR; };
		3DA167902915535F000F306D /* AppDelegate.swift */ = {isa = PBXFileReference; lastKnownFileType = sourcecode.swift; path = AppDelegate.swift; sourceTree = "<group>"; };
		3DA167922915535F000F306D /* SceneDelegate.swift */ = {isa = PBXFileReference; lastKnownFileType = sourcecode.swift; path = SceneDelegate.swift; sourceTree = "<group>"; };
		3DA167942915535F000F306D /* MainViewController.swift */ = {isa = PBXFileReference; lastKnownFileType = sourcecode.swift; path = MainViewController.swift; sourceTree = "<group>"; };
		3DA16799291553C8000F306D /* Assets.xcassets */ = {isa = PBXFileReference; lastKnownFileType = folder.assetcatalog; path = Assets.xcassets; sourceTree = "<group>"; };
		3DA1679C291553C9000F306D /* Base */ = {isa = PBXFileReference; lastKnownFileType = file.storyboard; name = Base; path = Base.lproj/LaunchScreen.storyboard; sourceTree = "<group>"; };
		3DA1679E291553C9000F306D /* Info.plist */ = {isa = PBXFileReference; lastKnownFileType = text.plist.xml; path = Info.plist; sourceTree = "<group>"; };
		3DE46D8129155EF300A39FD3 /* AppwriteService.swift */ = {isa = PBXFileReference; lastKnownFileType = sourcecode.swift; path = AppwriteService.swift; sourceTree = "<group>"; };
		3DE46D852916B28600A39FD3 /* User.swift */ = {isa = PBXFileReference; lastKnownFileType = sourcecode.swift; path = User.swift; sourceTree = "<group>"; };
		3DE46D872916B2A200A39FD3 /* MainPresenter.swift */ = {isa = PBXFileReference; lastKnownFileType = sourcecode.swift; path = MainPresenter.swift; sourceTree = "<group>"; };
		3DE46D8A2916B5F400A39FD3 /* WTButton.swift */ = {isa = PBXFileReference; lastKnownFileType = sourcecode.swift; path = WTButton.swift; sourceTree = "<group>"; };
		3DE46D8E2916DD5E00A39FD3 /* ModueBuilder.swift */ = {isa = PBXFileReference; lastKnownFileType = sourcecode.swift; path = ModueBuilder.swift; sourceTree = "<group>"; };
/* End PBXFileReference section */

/* Begin PBXFrameworksBuildPhase section */
		3DA1678A2915535F000F306D /* Frameworks */ = {
			isa = PBXFrameworksBuildPhase;
			buildActionMask = 2147483647;
			files = (
				3DA167A6291556A7000F306D /* Appwrite in Frameworks */,
			);
			runOnlyForDeploymentPostprocessing = 0;
		};
/* End PBXFrameworksBuildPhase section */

/* Begin PBXGroup section */
		3DA167842915535E000F306D = {
			isa = PBXGroup;
			children = (
				3DA1678F2915535F000F306D /* waitumerApp */,
				3DA1678E2915535F000F306D /* Products */,
			);
			sourceTree = "<group>";
		};
		3DA1678E2915535F000F306D /* Products */ = {
			isa = PBXGroup;
			children = (
				3DA1678D2915535F000F306D /* waitumerApp.app */,
			);
			name = Products;
			sourceTree = "<group>";
		};
		3DA1678F2915535F000F306D /* waitumerApp */ = {
			isa = PBXGroup;
			children = (
				3DE46D8E2916DD5E00A39FD3 /* ModueBuilder.swift */,
				3DE46D832916B21600A39FD3 /* App */,
				3DE46D8029155EC800A39FD3 /* AppwriteManager */,
				3DE46D842916B23A00A39FD3 /* MainModule */,
				3DE46D892916B5C400A39FD3 /* Custom */,
				3DA1679B291553C9000F306D /* LaunchScreen.storyboard */,
				3DA16799291553C8000F306D /* Assets.xcassets */,
				3DA1679E291553C9000F306D /* Info.plist */,
			);
			path = waitumerApp;
			sourceTree = "<group>";
		};
		3DE46D8029155EC800A39FD3 /* AppwriteManager */ = {
			isa = PBXGroup;
			children = (
				3DE46D8129155EF300A39FD3 /* AppwriteService.swift */,
			);
			name = AppwriteManager;
			sourceTree = "<group>";
		};
		3DE46D832916B21600A39FD3 /* App */ = {
			isa = PBXGroup;
			children = (
				3DA167902915535F000F306D /* AppDelegate.swift */,
				3DA167922915535F000F306D /* SceneDelegate.swift */,
			);
			name = App;
			sourceTree = "<group>";
		};
		3DE46D842916B23A00A39FD3 /* MainModule */ = {
			isa = PBXGroup;
			children = (
				3DE46D852916B28600A39FD3 /* User.swift */,
				3DA167942915535F000F306D /* MainViewController.swift */,
				3DE46D872916B2A200A39FD3 /* MainPresenter.swift */,
			);
			path = MainModule;
			sourceTree = "<group>";
		};
		3DE46D892916B5C400A39FD3 /* Custom */ = {
			isa = PBXGroup;
			children = (
				3DE46D8A2916B5F400A39FD3 /* WTButton.swift */,
			);
			name = Custom;
			sourceTree = "<group>";
		};
/* End PBXGroup section */

/* Begin PBXNativeTarget section */
		3DA1678C2915535F000F306D /* waitumerApp */ = {
			isa = PBXNativeTarget;
			buildConfigurationList = 3DA167A1291553C9000F306D /* Build configuration list for PBXNativeTarget "waitumerApp" */;
			buildPhases = (
				3DA167892915535F000F306D /* Sources */,
				3DA1678A2915535F000F306D /* Frameworks */,
				3DA1678B2915535F000F306D /* Resources */,
			);
			buildRules = (
			);
			dependencies = (
			);
			name = waitumerApp;
			packageProductDependencies = (
				3DA167A5291556A7000F306D /* Appwrite */,
			);
			productName = waitumerApp;
			productReference = 3DA1678D2915535F000F306D /* waitumerApp.app */;
			productType = "com.apple.product-type.application";
		};
/* End PBXNativeTarget section */

/* Begin PBXProject section */
		3DA167852915535E000F306D /* Project object */ = {
			isa = PBXProject;
			attributes = {
				BuildIndependentTargetsInParallel = 1;
				LastSwiftUpdateCheck = 1340;
				LastUpgradeCheck = 1340;
				TargetAttributes = {
					3DA1678C2915535F000F306D = {
						CreatedOnToolsVersion = 13.4.1;
					};
				};
			};
			buildConfigurationList = 3DA167882915535E000F306D /* Build configuration list for PBXProject "waitumerApp" */;
			compatibilityVersion = "Xcode 13.0";
			developmentRegion = en;
			hasScannedForEncodings = 0;
			knownRegions = (
				en,
				Base,
			);
			mainGroup = 3DA167842915535E000F306D;
			packageReferences = (
				3DA167A4291556A7000F306D /* XCRemoteSwiftPackageReference "sdk-for-apple" */,
			);
			productRefGroup = 3DA1678E2915535F000F306D /* Products */;
			projectDirPath = "";
			projectRoot = "";
			targets = (
				3DA1678C2915535F000F306D /* waitumerApp */,
			);
		};
/* End PBXProject section */

/* Begin PBXResourcesBuildPhase section */
		3DA1678B2915535F000F306D /* Resources */ = {
			isa = PBXResourcesBuildPhase;
			buildActionMask = 2147483647;
			files = (
				3DA1679D291553C9000F306D /* LaunchScreen.storyboard in Resources */,
				3DA1679A291553C8000F306D /* Assets.xcassets in Resources */,
			);
			runOnlyForDeploymentPostprocessing = 0;
		};
/* End PBXResourcesBuildPhase section */

/* Begin PBXSourcesBuildPhase section */
		3DA167892915535F000F306D /* Sources */ = {
			isa = PBXSourcesBuildPhase;
			buildActionMask = 2147483647;
			files = (
				3DA167952915535F000F306D /* MainViewController.swift in Sources */,
				3DE46D882916B2A200A39FD3 /* MainPresenter.swift in Sources */,
				3DE46D8B2916B5F400A39FD3 /* WTButton.swift in Sources */,
				3DE46D8229155EF300A39FD3 /* AppwriteService.swift in Sources */,
				3DA167912915535F000F306D /* AppDelegate.swift in Sources */,
				3DE46D862916B28600A39FD3 /* User.swift in Sources */,
				3DE46D8F2916DD5E00A39FD3 /* ModueBuilder.swift in Sources */,
				3DA167932915535F000F306D /* SceneDelegate.swift in Sources */,
			);
			runOnlyForDeploymentPostprocessing = 0;
		};
/* End PBXSourcesBuildPhase section */

/* Begin PBXVariantGroup section */
		3DA1679B291553C9000F306D /* LaunchScreen.storyboard */ = {
			isa = PBXVariantGroup;
			children = (
				3DA1679C291553C9000F306D /* Base */,
			);
			name = LaunchScreen.storyboard;
			sourceTree = "<group>";
		};
/* End PBXVariantGroup section */

/* Begin XCBuildConfiguration section */
		3DA1679F291553C9000F306D /* Debug */ = {
			isa = XCBuildConfiguration;
			buildSettings = {
				ALWAYS_SEARCH_USER_PATHS = NO;
				CLANG_ANALYZER_NONNULL = YES;
				CLANG_ANALYZER_NUMBER_OBJECT_CONVERSION = YES_AGGRESSIVE;
				CLANG_CXX_LANGUAGE_STANDARD = "gnu++17";
				CLANG_ENABLE_MODULES = YES;
				CLANG_ENABLE_OBJC_ARC = YES;
				CLANG_ENABLE_OBJC_WEAK = YES;
				CLANG_WARN_BLOCK_CAPTURE_AUTORELEASING = YES;
				CLANG_WARN_BOOL_CONVERSION = YES;
				CLANG_WARN_COMMA = YES;
				CLANG_WARN_CONSTANT_CONVERSION = YES;
				CLANG_WARN_DEPRECATED_OBJC_IMPLEMENTATIONS = YES;
				CLANG_WARN_DIRECT_OBJC_ISA_USAGE = YES_ERROR;
				CLANG_WARN_DOCUMENTATION_COMMENTS = YES;
				CLANG_WARN_EMPTY_BODY = YES;
				CLANG_WARN_ENUM_CONVERSION = YES;
				CLANG_WARN_INFINITE_RECURSION = YES;
				CLANG_WARN_INT_CONVERSION = YES;
				CLANG_WARN_NON_LITERAL_NULL_CONVERSION = YES;
				CLANG_WARN_OBJC_IMPLICIT_RETAIN_SELF = YES;
				CLANG_WARN_OBJC_LITERAL_CONVERSION = YES;
				CLANG_WARN_OBJC_ROOT_CLASS = YES_ERROR;
				CLANG_WARN_QUOTED_INCLUDE_IN_FRAMEWORK_HEADER = YES;
				CLANG_WARN_RANGE_LOOP_ANALYSIS = YES;
				CLANG_WARN_STRICT_PROTOTYPES = YES;
				CLANG_WARN_SUSPICIOUS_MOVE = YES;
				CLANG_WARN_UNGUARDED_AVAILABILITY = YES_AGGRESSIVE;
				CLANG_WARN_UNREACHABLE_CODE = YES;
				CLANG_WARN__DUPLICATE_METHOD_MATCH = YES;
				COPY_PHASE_STRIP = NO;
				DEBUG_INFORMATION_FORMAT = dwarf;
				ENABLE_STRICT_OBJC_MSGSEND = YES;
				ENABLE_TESTABILITY = YES;
				GCC_C_LANGUAGE_STANDARD = gnu11;
				GCC_DYNAMIC_NO_PIC = NO;
				GCC_NO_COMMON_BLOCKS = YES;
				GCC_OPTIMIZATION_LEVEL = 0;
				GCC_PREPROCESSOR_DEFINITIONS = (
					"DEBUG=1",
					"$(inherited)",
				);
				GCC_WARN_64_TO_32_BIT_CONVERSION = YES;
				GCC_WARN_ABOUT_RETURN_TYPE = YES_ERROR;
				GCC_WARN_UNDECLARED_SELECTOR = YES;
				GCC_WARN_UNINITIALIZED_AUTOS = YES_AGGRESSIVE;
				GCC_WARN_UNUSED_FUNCTION = YES;
				GCC_WARN_UNUSED_VARIABLE = YES;
				IPHONEOS_DEPLOYMENT_TARGET = 15.5;
				MTL_ENABLE_DEBUG_INFO = INCLUDE_SOURCE;
				MTL_FAST_MATH = YES;
				ONLY_ACTIVE_ARCH = YES;
				SDKROOT = iphoneos;
				SWIFT_ACTIVE_COMPILATION_CONDITIONS = DEBUG;
				SWIFT_OPTIMIZATION_LEVEL = "-Onone";
			};
			name = Debug;
		};
		3DA167A0291553C9000F306D /* Release */ = {
			isa = XCBuildConfiguration;
			buildSettings = {
				ALWAYS_SEARCH_USER_PATHS = NO;
				CLANG_ANALYZER_NONNULL = YES;
				CLANG_ANALYZER_NUMBER_OBJECT_CONVERSION = YES_AGGRESSIVE;
				CLANG_CXX_LANGUAGE_STANDARD = "gnu++17";
				CLANG_ENABLE_MODULES = YES;
				CLANG_ENABLE_OBJC_ARC = YES;
				CLANG_ENABLE_OBJC_WEAK = YES;
				CLANG_WARN_BLOCK_CAPTURE_AUTORELEASING = YES;
				CLANG_WARN_BOOL_CONVERSION = YES;
				CLANG_WARN_COMMA = YES;
				CLANG_WARN_CONSTANT_CONVERSION = YES;
				CLANG_WARN_DEPRECATED_OBJC_IMPLEMENTATIONS = YES;
				CLANG_WARN_DIRECT_OBJC_ISA_USAGE = YES_ERROR;
				CLANG_WARN_DOCUMENTATION_COMMENTS = YES;
				CLANG_WARN_EMPTY_BODY = YES;
				CLANG_WARN_ENUM_CONVERSION = YES;
				CLANG_WARN_INFINITE_RECURSION = YES;
				CLANG_WARN_INT_CONVERSION = YES;
				CLANG_WARN_NON_LITERAL_NULL_CONVERSION = YES;
				CLANG_WARN_OBJC_IMPLICIT_RETAIN_SELF = YES;
				CLANG_WARN_OBJC_LITERAL_CONVERSION = YES;
				CLANG_WARN_OBJC_ROOT_CLASS = YES_ERROR;
				CLANG_WARN_QUOTED_INCLUDE_IN_FRAMEWORK_HEADER = YES;
				CLANG_WARN_RANGE_LOOP_ANALYSIS = YES;
				CLANG_WARN_STRICT_PROTOTYPES = YES;
				CLANG_WARN_SUSPICIOUS_MOVE = YES;
				CLANG_WARN_UNGUARDED_AVAILABILITY = YES_AGGRESSIVE;
				CLANG_WARN_UNREACHABLE_CODE = YES;
				CLANG_WARN__DUPLICATE_METHOD_MATCH = YES;
				COPY_PHASE_STRIP = NO;
				DEBUG_INFORMATION_FORMAT = "dwarf-with-dsym";
				ENABLE_NS_ASSERTIONS = NO;
				ENABLE_STRICT_OBJC_MSGSEND = YES;
				GCC_C_LANGUAGE_STANDARD = gnu11;
				GCC_NO_COMMON_BLOCKS = YES;
				GCC_WARN_64_TO_32_BIT_CONVERSION = YES;
				GCC_WARN_ABOUT_RETURN_TYPE = YES_ERROR;
				GCC_WARN_UNDECLARED_SELECTOR = YES;
				GCC_WARN_UNINITIALIZED_AUTOS = YES_AGGRESSIVE;
				GCC_WARN_UNUSED_FUNCTION = YES;
				GCC_WARN_UNUSED_VARIABLE = YES;
				IPHONEOS_DEPLOYMENT_TARGET = 15.5;
				MTL_ENABLE_DEBUG_INFO = NO;
				MTL_FAST_MATH = YES;
				SDKROOT = iphoneos;
				SWIFT_COMPILATION_MODE = wholemodule;
				SWIFT_OPTIMIZATION_LEVEL = "-O";
				VALIDATE_PRODUCT = YES;
			};
			name = Release;
		};
		3DA167A2291553C9000F306D /* Debug */ = {
			isa = XCBuildConfiguration;
			buildSettings = {
				ASSETCATALOG_COMPILER_APPICON_NAME = AppIcon;
				ASSETCATALOG_COMPILER_GLOBAL_ACCENT_COLOR_NAME = AccentColor;
				CODE_SIGN_STYLE = Automatic;
				CURRENT_PROJECT_VERSION = 1;
				GENERATE_INFOPLIST_FILE = YES;
				INFOPLIST_FILE = waitumerApp/Info.plist;
				INFOPLIST_KEY_UIApplicationSupportsIndirectInputEvents = YES;
				INFOPLIST_KEY_UILaunchStoryboardName = LaunchScreen;
				INFOPLIST_KEY_UISupportedInterfaceOrientations_iPad = "UIInterfaceOrientationPortrait UIInterfaceOrientationPortraitUpsideDown UIInterfaceOrientationLandscapeLeft UIInterfaceOrientationLandscapeRight";
				INFOPLIST_KEY_UISupportedInterfaceOrientations_iPhone = "UIInterfaceOrientationPortrait UIInterfaceOrientationLandscapeLeft UIInterfaceOrientationLandscapeRight";
				LD_RUNPATH_SEARCH_PATHS = (
					"$(inherited)",
					"@executable_path/Frameworks",
				);
				MARKETING_VERSION = 1.0;
				PRODUCT_BUNDLE_IDENTIFIER = "steellson-dev.waitumerApp";
				PRODUCT_NAME = "$(TARGET_NAME)";
				SWIFT_EMIT_LOC_STRINGS = YES;
				SWIFT_VERSION = 5.0;
				TARGETED_DEVICE_FAMILY = 1;
			};
			name = Debug;
		};
		3DA167A3291553C9000F306D /* Release */ = {
			isa = XCBuildConfiguration;
			buildSettings = {
				ASSETCATALOG_COMPILER_APPICON_NAME = AppIcon;
				ASSETCATALOG_COMPILER_GLOBAL_ACCENT_COLOR_NAME = AccentColor;
				CODE_SIGN_STYLE = Automatic;
				CURRENT_PROJECT_VERSION = 1;
				GENERATE_INFOPLIST_FILE = YES;
				INFOPLIST_FILE = waitumerApp/Info.plist;
				INFOPLIST_KEY_UIApplicationSupportsIndirectInputEvents = YES;
				INFOPLIST_KEY_UILaunchStoryboardName = LaunchScreen;
				INFOPLIST_KEY_UISupportedInterfaceOrientations_iPad = "UIInterfaceOrientationPortrait UIInterfaceOrientationPortraitUpsideDown UIInterfaceOrientationLandscapeLeft UIInterfaceOrientationLandscapeRight";
				INFOPLIST_KEY_UISupportedInterfaceOrientations_iPhone = "UIInterfaceOrientationPortrait UIInterfaceOrientationLandscapeLeft UIInterfaceOrientationLandscapeRight";
				LD_RUNPATH_SEARCH_PATHS = (
					"$(inherited)",
					"@executable_path/Frameworks",
				);
				MARKETING_VERSION = 1.0;
				PRODUCT_BUNDLE_IDENTIFIER = "steellson-dev.waitumerApp";
				PRODUCT_NAME = "$(TARGET_NAME)";
				SWIFT_EMIT_LOC_STRINGS = YES;
				SWIFT_VERSION = 5.0;
				TARGETED_DEVICE_FAMILY = 1;
			};
			name = Release;
		};
/* End XCBuildConfiguration section */

/* Begin XCConfigurationList section */
		3DA167882915535E000F306D /* Build configuration list for PBXProject "waitumerApp" */ = {
			isa = XCConfigurationList;
			buildConfigurations = (
				3DA1679F291553C9000F306D /* Debug */,
				3DA167A0291553C9000F306D /* Release */,
			);
			defaultConfigurationIsVisible = 0;
			defaultConfigurationName = Release;
		};
		3DA167A1291553C9000F306D /* Build configuration list for PBXNativeTarget "waitumerApp" */ = {
			isa = XCConfigurationList;
			buildConfigurations = (
				3DA167A2291553C9000F306D /* Debug */,
				3DA167A3291553C9000F306D /* Release */,
			);
			defaultConfigurationIsVisible = 0;
			defaultConfigurationName = Release;
		};
/* End XCConfigurationList section */

/* Begin XCRemoteSwiftPackageReference section */
		3DA167A4291556A7000F306D /* XCRemoteSwiftPackageReference "sdk-for-apple" */ = {
			isa = XCRemoteSwiftPackageReference;
			repositoryURL = "https://github.com/appwrite/sdk-for-apple";
			requirement = {
				kind = upToNextMajorVersion;
				minimumVersion = 1.0.0;
			};
		};
/* End XCRemoteSwiftPackageReference section */

/* Begin XCSwiftPackageProductDependency section */
		3DA167A5291556A7000F306D /* Appwrite */ = {
			isa = XCSwiftPackageProductDependency;
			package = 3DA167A4291556A7000F306D /* XCRemoteSwiftPackageReference "sdk-for-apple" */;
			productName = Appwrite;
		};
/* End XCSwiftPackageProductDependency section */
	};
	rootObject = 3DA167852915535E000F306D /* Project object */;
}
